
Microsoft Visual Studio Solution File, Format Version 12.00
# Visual Studio 15
Project("{FAE04EC0-301F-11D3-BF4B-00C04F79EFBC}") = "BMICalc59", "BMICalc59\BMICalc59.csproj", "{56B07195-3348-4621-881F-BFBE04B4EED1}"
EndProject
Global
	GlobalSection(SolutionConfigurationPlatforms) = preSolution
		Debug|anycpu = Debug|anycpu
		Release|anycpu = Release|anycpu
	EndGlobalSection
	GlobalSection(ProjectConfigurationPlatforms) = postSolution
		{56B07195-3348-4621-881F-BFBE04B4EED1}.Debug|anycpu.ActiveCfg = Debug|anycpu
		{56B07195-3348-4621-881F-BFBE04B4EED1}.Debug|anycpu.Build.0 = Debug|anycpu
		{56B07195-3348-4621-881F-BFBE04B4EED1}.Release|anycpu.ActiveCfg = Release|anycpu
		{56B07195-3348-4621-881F-BFBE04B4EED1}.Release|anycpu.Build.0 = Release|anycpu
	EndGlobalSection
EndGlobal
